// !$*UTF8*$!
{
	archiveVersion = 1;
	classes = {
	};
	objectVersion = 50;
	objects = {

/* Begin PBXBuildFile section */
		26EB4BD925011DFC00A05A9A /* AppDelegate.swift in Sources */ = {isa = PBXBuildFile; fileRef = 26EB4BD825011DFC00A05A9A /* AppDelegate.swift */; };
		26EB4BDB25011DFC00A05A9A /* SceneDelegate.swift in Sources */ = {isa = PBXBuildFile; fileRef = 26EB4BDA25011DFC00A05A9A /* SceneDelegate.swift */; };
		26EB4BDD25011DFC00A05A9A /* ContentView.swift in Sources */ = {isa = PBXBuildFile; fileRef = 26EB4BDC25011DFC00A05A9A /* ContentView.swift */; };
		26EB4BDF25011E0000A05A9A /* Assets.xcassets in Resources */ = {isa = PBXBuildFile; fileRef = 26EB4BDE25011E0000A05A9A /* Assets.xcassets */; };
		26EB4BE225011E0000A05A9A /* Preview Assets.xcassets in Resources */ = {isa = PBXBuildFile; fileRef = 26EB4BE125011E0000A05A9A /* Preview Assets.xcassets */; };
		26EB4BE525011E0000A05A9A /* LaunchScreen.storyboard in Resources */ = {isa = PBXBuildFile; fileRef = 26EB4BE325011E0000A05A9A /* LaunchScreen.storyboard */; };
		26EB4BF025011E0000A05A9A /* LearnSwiftTests.swift in Sources */ = {isa = PBXBuildFile; fileRef = 26EB4BEF25011E0000A05A9A /* LearnSwiftTests.swift */; };
		26EB4BFB25011E0100A05A9A /* LearnSwiftUITests.swift in Sources */ = {isa = PBXBuildFile; fileRef = 26EB4BFA25011E0100A05A9A /* LearnSwiftUITests.swift */; };
/* End PBXBuildFile section */

/* Begin PBXContainerItemProxy section */
		26EB4BEC25011E0000A05A9A /* PBXContainerItemProxy */ = {
			isa = PBXContainerItemProxy;
			containerPortal = 26EB4BCD25011DFC00A05A9A /* Project object */;
			proxyType = 1;
			remoteGlobalIDString = 26EB4BD425011DFC00A05A9A;
			remoteInfo = LearnSwift;
		};
		26EB4BF725011E0100A05A9A /* PBXContainerItemProxy */ = {
			isa = PBXContainerItemProxy;
			containerPortal = 26EB4BCD25011DFC00A05A9A /* Project object */;
			proxyType = 1;
			remoteGlobalIDString = 26EB4BD425011DFC00A05A9A;
			remoteInfo = LearnSwift;
		};
/* End PBXContainerItemProxy section */

/* Begin PBXFileReference section */
		26EB4BD525011DFC00A05A9A /* LearnSwift.app */ = {isa = PBXFileReference; explicitFileType = wrapper.application; includeInIndex = 0; path = LearnSwift.app; sourceTree = BUILT_PRODUCTS_DIR; };
		26EB4BD825011DFC00A05A9A /* AppDelegate.swift */ = {isa = PBXFileReference; lastKnownFileType = sourcecode.swift; path = AppDelegate.swift; sourceTree = "<group>"; };
		26EB4BDA25011DFC00A05A9A /* SceneDelegate.swift */ = {isa = PBXFileReference; lastKnownFileType = sourcecode.swift; path = SceneDelegate.swift; sourceTree = "<group>"; };
		26EB4BDC25011DFC00A05A9A /* ContentView.swift */ = {isa = PBXFileReference; lastKnownFileType = sourcecode.swift; path = ContentView.swift; sourceTree = "<group>"; };
		26EB4BDE25011E0000A05A9A /* Assets.xcassets */ = {isa = PBXFileReference; lastKnownFileType = folder.assetcatalog; path = Assets.xcassets; sourceTree = "<group>"; };
		26EB4BE125011E0000A05A9A /* Preview Assets.xcassets */ = {isa = PBXFileReference; lastKnownFileType = folder.assetcatalog; path = "Preview Assets.xcassets"; sourceTree = "<group>"; };
		26EB4BE425011E0000A05A9A /* Base */ = {isa = PBXFileReference; lastKnownFileType = file.storyboard; name = Base; path = Base.lproj/LaunchScreen.storyboard; sourceTree = "<group>"; };
		26EB4BE625011E0000A05A9A /* Info.plist */ = {isa = PBXFileReference; lastKnownFileType = text.plist.xml; path = Info.plist; sourceTree = "<group>"; };
		26EB4BEB25011E0000A05A9A /* LearnSwiftTests.xctest */ = {isa = PBXFileReference; explicitFileType = wrapper.cfbundle; includeInIndex = 0; path = LearnSwiftTests.xctest; sourceTree = BUILT_PRODUCTS_DIR; };
		26EB4BEF25011E0000A05A9A /* LearnSwiftTests.swift */ = {isa = PBXFileReference; lastKnownFileType = sourcecode.swift; path = LearnSwiftTests.swift; sourceTree = "<group>"; };
		26EB4BF125011E0000A05A9A /* Info.plist */ = {isa = PBXFileReference; lastKnownFileType = text.plist.xml; path = Info.plist; sourceTree = "<group>"; };
		26EB4BF625011E0100A05A9A /* LearnSwiftUITests.xctest */ = {isa = PBXFileReference; explicitFileType = wrapper.cfbundle; includeInIndex = 0; path = LearnSwiftUITests.xctest; sourceTree = BUILT_PRODUCTS_DIR; };
		26EB4BFA25011E0100A05A9A /* LearnSwiftUITests.swift */ = {isa = PBXFileReference; lastKnownFileType = sourcecode.swift; path = LearnSwiftUITests.swift; sourceTree = "<group>"; };
		26EB4BFC25011E0100A05A9A /* Info.plist */ = {isa = PBXFileReference; lastKnownFileType = text.plist.xml; path = Info.plist; sourceTree = "<group>"; };
/* End PBXFileReference section */

/* Begin PBXFrameworksBuildPhase section */
		26EB4BD225011DFC00A05A9A /* Frameworks */ = {
			isa = PBXFrameworksBuildPhase;
			buildActionMask = 2147483647;
			files = (
			);
			runOnlyForDeploymentPostprocessing = 0;
		};
		26EB4BE825011E0000A05A9A /* Frameworks */ = {
			isa = PBXFrameworksBuildPhase;
			buildActionMask = 2147483647;
			files = (
			);
			runOnlyForDeploymentPostprocessing = 0;
		};
		26EB4BF325011E0100A05A9A /* Frameworks */ = {
			isa = PBXFrameworksBuildPhase;
			buildActionMask = 2147483647;
			files = (
			);
			runOnlyForDeploymentPostprocessing = 0;
		};
/* End PBXFrameworksBuildPhase section */

/* Begin PBXGroup section */
		26EB4BCC25011DFC00A05A9A = {
			isa = PBXGroup;
			children = (
				26EB4BD725011DFC00A05A9A /* LearnSwift */,
				26EB4BEE25011E0000A05A9A /* LearnSwiftTests */,
				26EB4BF925011E0100A05A9A /* LearnSwiftUITests */,
				26EB4BD625011DFC00A05A9A /* Products */,
			);
			sourceTree = "<group>";
		};
		26EB4BD625011DFC00A05A9A /* Products */ = {
			isa = PBXGroup;
			children = (
				26EB4BD525011DFC00A05A9A /* LearnSwift.app */,
				26EB4BEB25011E0000A05A9A /* LearnSwiftTests.xctest */,
				26EB4BF625011E0100A05A9A /* LearnSwiftUITests.xctest */,
			);
			name = Products;
			sourceTree = "<group>";
		};
		26EB4BD725011DFC00A05A9A /* LearnSwift */ = {
			isa = PBXGroup;
			children = (
				26EB4BD825011DFC00A05A9A /* AppDelegate.swift */,
				26EB4BDA25011DFC00A05A9A /* SceneDelegate.swift */,
				26EB4BDC25011DFC00A05A9A /* ContentView.swift */,
				26EB4BDE25011E0000A05A9A /* Assets.xcassets */,
				26EB4BE325011E0000A05A9A /* LaunchScreen.storyboard */,
				26EB4BE625011E0000A05A9A /* Info.plist */,
				26EB4BE025011E0000A05A9A /* Preview Content */,
			);
			path = LearnSwift;
			sourceTree = "<group>";
		};
		26EB4BE025011E0000A05A9A /* Preview Content */ = {
			isa = PBXGroup;
			children = (
				26EB4BE125011E0000A05A9A /* Preview Assets.xcassets */,
			);
			path = "Preview Content";
			sourceTree = "<group>";
		};
		26EB4BEE25011E0000A05A9A /* LearnSwiftTests */ = {
			isa = PBXGroup;
			children = (
				26EB4BEF25011E0000A05A9A /* LearnSwiftTests.swift */,
				26EB4BF125011E0000A05A9A /* Info.plist */,
			);
			path = LearnSwiftTests;
			sourceTree = "<group>";
		};
		26EB4BF925011E0100A05A9A /* LearnSwiftUITests */ = {
			isa = PBXGroup;
			children = (
				26EB4BFA25011E0100A05A9A /* LearnSwiftUITests.swift */,
				26EB4BFC25011E0100A05A9A /* Info.plist */,
			);
			path = LearnSwiftUITests;
			sourceTree = "<group>";
		};
/* End PBXGroup section */

/* Begin PBXNativeTarget section */
		26EB4BD425011DFC00A05A9A /* LearnSwift */ = {
			isa = PBXNativeTarget;
			buildConfigurationList = 26EB4BFF25011E0100A05A9A /* Build configuration list for PBXNativeTarget "LearnSwift" */;
			buildPhases = (
				26EB4BD125011DFC00A05A9A /* Sources */,
				26EB4BD225011DFC00A05A9A /* Frameworks */,
				26EB4BD325011DFC00A05A9A /* Resources */,
			);
			buildRules = (
			);
			dependencies = (
			);
			name = LearnSwift;
			productName = LearnSwift;
			productReference = 26EB4BD525011DFC00A05A9A /* LearnSwift.app */;
			productType = "com.apple.product-type.application";
		};
		26EB4BEA25011E0000A05A9A /* LearnSwiftTests */ = {
			isa = PBXNativeTarget;
			buildConfigurationList = 26EB4C0225011E0100A05A9A /* Build configuration list for PBXNativeTarget "LearnSwiftTests" */;
			buildPhases = (
				26EB4BE725011E0000A05A9A /* Sources */,
				26EB4BE825011E0000A05A9A /* Frameworks */,
				26EB4BE925011E0000A05A9A /* Resources */,
			);
			buildRules = (
			);
			dependencies = (
				26EB4BED25011E0000A05A9A /* PBXTargetDependency */,
			);
			name = LearnSwiftTests;
			productName = LearnSwiftTests;
			productReference = 26EB4BEB25011E0000A05A9A /* LearnSwiftTests.xctest */;
			productType = "com.apple.product-type.bundle.unit-test";
		};
		26EB4BF525011E0100A05A9A /* LearnSwiftUITests */ = {
			isa = PBXNativeTarget;
			buildConfigurationList = 26EB4C0525011E0100A05A9A /* Build configuration list for PBXNativeTarget "LearnSwiftUITests" */;
			buildPhases = (
				26EB4BF225011E0100A05A9A /* Sources */,
				26EB4BF325011E0100A05A9A /* Frameworks */,
				26EB4BF425011E0100A05A9A /* Resources */,
			);
			buildRules = (
			);
			dependencies = (
				26EB4BF825011E0100A05A9A /* PBXTargetDependency */,
			);
			name = LearnSwiftUITests;
			productName = LearnSwiftUITests;
			productReference = 26EB4BF625011E0100A05A9A /* LearnSwiftUITests.xctest */;
			productType = "com.apple.product-type.bundle.ui-testing";
		};
/* End PBXNativeTarget section */

/* Begin PBXProject section */
		26EB4BCD25011DFC00A05A9A /* Project object */ = {
			isa = PBXProject;
			attributes = {
				LastSwiftUpdateCheck = 1200;
				LastUpgradeCheck = 1200;
				TargetAttributes = {
					26EB4BD425011DFC00A05A9A = {
						CreatedOnToolsVersion = 12.0;
					};
					26EB4BEA25011E0000A05A9A = {
						CreatedOnToolsVersion = 12.0;
						TestTargetID = 26EB4BD425011DFC00A05A9A;
					};
					26EB4BF525011E0100A05A9A = {
						CreatedOnToolsVersion = 12.0;
						TestTargetID = 26EB4BD425011DFC00A05A9A;
					};
				};
			};
			buildConfigurationList = 26EB4BD025011DFC00A05A9A /* Build configuration list for PBXProject "LearnSwift" */;
			compatibilityVersion = "Xcode 9.3";
			developmentRegion = en;
			hasScannedForEncodings = 0;
			knownRegions = (
				en,
				Base,
			);
			mainGroup = 26EB4BCC25011DFC00A05A9A;
			productRefGroup = 26EB4BD625011DFC00A05A9A /* Products */;
			projectDirPath = "";
			projectRoot = "";
			targets = (
				26EB4BD425011DFC00A05A9A /* LearnSwift */,
				26EB4BEA25011E0000A05A9A /* LearnSwiftTests */,
				26EB4BF525011E0100A05A9A /* LearnSwiftUITests */,
			);
		};
/* End PBXProject section */

/* Begin PBXResourcesBuildPhase section */
		26EB4BD325011DFC00A05A9A /* Resources */ = {
			isa = PBXResourcesBuildPhase;
			buildActionMask = 2147483647;
			files = (
				26EB4BE525011E0000A05A9A /* LaunchScreen.storyboard in Resources */,
				26EB4BE225011E0000A05A9A /* Preview Assets.xcassets in Resources */,
				26EB4BDF25011E0000A05A9A /* Assets.xcassets in Resources */,
			);
			runOnlyForDeploymentPostprocessing = 0;
		};
		26EB4BE925011E0000A05A9A /* Resources */ = {
			isa = PBXResourcesBuildPhase;
			buildActionMask = 2147483647;
			files = (
			);
			runOnlyForDeploymentPostprocessing = 0;
		};
		26EB4BF425011E0100A05A9A /* Resources */ = {
			isa = PBXResourcesBuildPhase;
			buildActionMask = 2147483647;
			files = (
			);
			runOnlyForDeploymentPostprocessing = 0;
		};
/* End PBXResourcesBuildPhase section */

/* Begin PBXSourcesBuildPhase section */
		26EB4BD125011DFC00A05A9A /* Sources */ = {
			isa = PBXSourcesBuildPhase;
			buildActionMask = 2147483647;
			files = (
				26EB4BD925011DFC00A05A9A /* AppDelegate.swift in Sources */,
				26EB4BDB25011DFC00A05A9A /* SceneDelegate.swift in Sources */,
				26EB4BDD25011DFC00A05A9A /* ContentView.swift in Sources */,
			);
			runOnlyForDeploymentPostprocessing = 0;
		};
		26EB4BE725011E0000A05A9A /* Sources */ = {
			isa = PBXSourcesBuildPhase;
			buildActionMask = 2147483647;
			files = (
				26EB4BF025011E0000A05A9A /* LearnSwiftTests.swift in Sources */,
			);
			runOnlyForDeploymentPostprocessing = 0;
		};
		26EB4BF225011E0100A05A9A /* Sources */ = {
			isa = PBXSourcesBuildPhase;
			buildActionMask = 2147483647;
			files = (
				26EB4BFB25011E0100A05A9A /* LearnSwiftUITests.swift in Sources */,
			);
			runOnlyForDeploymentPostprocessing = 0;
		};
/* End PBXSourcesBuildPhase section */

/* Begin PBXTargetDependency section */
		26EB4BED25011E0000A05A9A /* PBXTargetDependency */ = {
			isa = PBXTargetDependency;
			target = 26EB4BD425011DFC00A05A9A /* LearnSwift */;
			targetProxy = 26EB4BEC25011E0000A05A9A /* PBXContainerItemProxy */;
		};
		26EB4BF825011E0100A05A9A /* PBXTargetDependency */ = {
			isa = PBXTargetDependency;
			target = 26EB4BD425011DFC00A05A9A /* LearnSwift */;
			targetProxy = 26EB4BF725011E0100A05A9A /* PBXContainerItemProxy */;
		};
/* End PBXTargetDependency section */

/* Begin PBXVariantGroup section */
		26EB4BE325011E0000A05A9A /* LaunchScreen.storyboard */ = {
			isa = PBXVariantGroup;
			children = (
				26EB4BE425011E0000A05A9A /* Base */,
			);
			name = LaunchScreen.storyboard;
			sourceTree = "<group>";
		};
/* End PBXVariantGroup section */

/* Begin XCBuildConfiguration section */
		26EB4BFD25011E0100A05A9A /* Debug */ = {
			isa = XCBuildConfiguration;
			buildSettings = {
				ALWAYS_SEARCH_USER_PATHS = NO;
				CLANG_ANALYZER_NONNULL = YES;
				CLANG_ANALYZER_NUMBER_OBJECT_CONVERSION = YES_AGGRESSIVE;
				CLANG_CXX_LANGUAGE_STANDARD = "gnu++14";
				CLANG_CXX_LIBRARY = "libc++";
				CLANG_ENABLE_MODULES = YES;
				CLANG_ENABLE_OBJC_ARC = YES;
				CLANG_ENABLE_OBJC_WEAK = YES;
				CLANG_WARN_BLOCK_CAPTURE_AUTORELEASING = YES;
				CLANG_WARN_BOOL_CONVERSION = YES;
				CLANG_WARN_COMMA = YES;
				CLANG_WARN_CONSTANT_CONVERSION = YES;
				CLANG_WARN_DEPRECATED_OBJC_IMPLEMENTATIONS = YES;
				CLANG_WARN_DIRECT_OBJC_ISA_USAGE = YES_ERROR;
				CLANG_WARN_DOCUMENTATION_COMMENTS = YES;
				CLANG_WARN_EMPTY_BODY = YES;
				CLANG_WARN_ENUM_CONVERSION = YES;
				CLANG_WARN_INFINITE_RECURSION = YES;
				CLANG_WARN_INT_CONVERSION = YES;
				CLANG_WARN_NON_LITERAL_NULL_CONVERSION = YES;
				CLANG_WARN_OBJC_IMPLICIT_RETAIN_SELF = YES;
				CLANG_WARN_OBJC_LITERAL_CONVERSION = YES;
				CLANG_WARN_OBJC_ROOT_CLASS = YES_ERROR;
				CLANG_WARN_QUOTED_INCLUDE_IN_FRAMEWORK_HEADER = YES;
				CLANG_WARN_RANGE_LOOP_ANALYSIS = YES;
				CLANG_WARN_STRICT_PROTOTYPES = YES;
				CLANG_WARN_SUSPICIOUS_MOVE = YES;
				CLANG_WARN_UNGUARDED_AVAILABILITY = YES_AGGRESSIVE;
				CLANG_WARN_UNREACHABLE_CODE = YES;
				CLANG_WARN__DUPLICATE_METHOD_MATCH = YES;
				COPY_PHASE_STRIP = NO;
				DEBUG_INFORMATION_FORMAT = dwarf;
				ENABLE_STRICT_OBJC_MSGSEND = YES;
				ENABLE_TESTABILITY = YES;
				GCC_C_LANGUAGE_STANDARD = gnu11;
				GCC_DYNAMIC_NO_PIC = NO;
				GCC_NO_COMMON_BLOCKS = YES;
				GCC_OPTIMIZATION_LEVEL = 0;
				GCC_PREPROCESSOR_DEFINITIONS = (
					"DEBUG=1",
					"$(inherited)",
				);
				GCC_WARN_64_TO_32_BIT_CONVERSION = YES;
				GCC_WARN_ABOUT_RETURN_TYPE = YES_ERROR;
				GCC_WARN_UNDECLARED_SELECTOR = YES;
				GCC_WARN_UNINITIALIZED_AUTOS = YES_AGGRESSIVE;
				GCC_WARN_UNUSED_FUNCTION = YES;
				GCC_WARN_UNUSED_VARIABLE = YES;
				IPHONEOS_DEPLOYMENT_TARGET = 14.0;
				MTL_ENABLE_DEBUG_INFO = INCLUDE_SOURCE;
				MTL_FAST_MATH = YES;
				ONLY_ACTIVE_ARCH = YES;
				SDKROOT = iphoneos;
				SWIFT_ACTIVE_COMPILATION_CONDITIONS = DEBUG;
				SWIFT_OPTIMIZATION_LEVEL = "-Onone";
			};
			name = Debug;
		};
		26EB4BFE25011E0100A05A9A /* Release */ = {
			isa = XCBuildConfiguration;
			buildSettings = {
				ALWAYS_SEARCH_USER_PATHS = NO;
				CLANG_ANALYZER_NONNULL = YES;
				CLANG_ANALYZER_NUMBER_OBJECT_CONVERSION = YES_AGGRESSIVE;
				CLANG_CXX_LANGUAGE_STANDARD = "gnu++14";
				CLANG_CXX_LIBRARY = "libc++";
				CLANG_ENABLE_MODULES = YES;
				CLANG_ENABLE_OBJC_ARC = YES;
				CLANG_ENABLE_OBJC_WEAK = YES;
				CLANG_WARN_BLOCK_CAPTURE_AUTORELEASING = YES;
				CLANG_WARN_BOOL_CONVERSION = YES;
				CLANG_WARN_COMMA = YES;
				CLANG_WARN_CONSTANT_CONVERSION = YES;
				CLANG_WARN_DEPRECATED_OBJC_IMPLEMENTATIONS = YES;
				CLANG_WARN_DIRECT_OBJC_ISA_USAGE = YES_ERROR;
				CLANG_WARN_DOCUMENTATION_COMMENTS = YES;
				CLANG_WARN_EMPTY_BODY = YES;
				CLANG_WARN_ENUM_CONVERSION = YES;
				CLANG_WARN_INFINITE_RECURSION = YES;
				CLANG_WARN_INT_CONVERSION = YES;
				CLANG_WARN_NON_LITERAL_NULL_CONVERSION = YES;
				CLANG_WARN_OBJC_IMPLICIT_RETAIN_SELF = YES;
				CLANG_WARN_OBJC_LITERAL_CONVERSION = YES;
				CLANG_WARN_OBJC_ROOT_CLASS = YES_ERROR;
				CLANG_WARN_QUOTED_INCLUDE_IN_FRAMEWORK_HEADER = YES;
				CLANG_WARN_RANGE_LOOP_ANALYSIS = YES;
				CLANG_WARN_STRICT_PROTOTYPES = YES;
				CLANG_WARN_SUSPICIOUS_MOVE = YES;
				CLANG_WARN_UNGUARDED_AVAILABILITY = YES_AGGRESSIVE;
				CLANG_WARN_UNREACHABLE_CODE = YES;
				CLANG_WARN__DUPLICATE_METHOD_MATCH = YES;
				COPY_PHASE_STRIP = NO;
				DEBUG_INFORMATION_FORMAT = "dwarf-with-dsym";
				ENABLE_NS_ASSERTIONS = NO;
				ENABLE_STRICT_OBJC_MSGSEND = YES;
				GCC_C_LANGUAGE_STANDARD = gnu11;
				GCC_NO_COMMON_BLOCKS = YES;
				GCC_WARN_64_TO_32_BIT_CONVERSION = YES;
				GCC_WARN_ABOUT_RETURN_TYPE = YES_ERROR;
				GCC_WARN_UNDECLARED_SELECTOR = YES;
				GCC_WARN_UNINITIALIZED_AUTOS = YES_AGGRESSIVE;
				GCC_WARN_UNUSED_FUNCTION = YES;
				GCC_WARN_UNUSED_VARIABLE = YES;
				IPHONEOS_DEPLOYMENT_TARGET = 14.0;
				MTL_ENABLE_DEBUG_INFO = NO;
				MTL_FAST_MATH = YES;
				SDKROOT = iphoneos;
				SWIFT_COMPILATION_MODE = wholemodule;
				SWIFT_OPTIMIZATION_LEVEL = "-O";
				VALIDATE_PRODUCT = YES;
			};
			name = Release;
		};
		26EB4C0025011E0100A05A9A /* Debug */ = {
			isa = XCBuildConfiguration;
			buildSettings = {
				ASSETCATALOG_COMPILER_APPICON_NAME = AppIcon;
				ASSETCATALOG_COMPILER_GLOBAL_ACCENT_COLOR_NAME = AccentColor;
				CODE_SIGN_STYLE = Automatic;
				DEVELOPMENT_ASSET_PATHS = "\"LearnSwift/Preview Content\"";
				ENABLE_PREVIEWS = YES;
				INFOPLIST_FILE = LearnSwift/Info.plist;
				LD_RUNPATH_SEARCH_PATHS = (
					"$(inherited)",
					"@executable_path/Frameworks",
				);
				PRODUCT_BUNDLE_IDENTIFIER = com.demo.LearnSwift;
				PRODUCT_NAME = "$(TARGET_NAME)";
				SWIFT_VERSION = 5.0;
				TARGETED_DEVICE_FAMILY = "1,2";
			};
			name = Debug;
		};
		26EB4C0125011E0100A05A9A /* Release */ = {
			isa = XCBuildConfiguration;
			buildSettings = {
				ASSETCATALOG_COMPILER_APPICON_NAME = AppIcon;
				ASSETCATALOG_COMPILER_GLOBAL_ACCENT_COLOR_NAME = AccentColor;
				CODE_SIGN_STYLE = Automatic;
				DEVELOPMENT_ASSET_PATHS = "\"LearnSwift/Preview Content\"";
				ENABLE_PREVIEWS = YES;
				INFOPLIST_FILE = LearnSwift/Info.plist;
				LD_RUNPATH_SEARCH_PATHS = (
					"$(inherited)",
					"@executable_path/Frameworks",
				);
				PRODUCT_BUNDLE_IDENTIFIER = com.demo.LearnSwift;
				PRODUCT_NAME = "$(TARGET_NAME)";
				SWIFT_VERSION = 5.0;
				TARGETED_DEVICE_FAMILY = "1,2";
			};
			name = Release;
		};
		26EB4C0325011E0100A05A9A /* Debug */ = {
			isa = XCBuildConfiguration;
			buildSettings = {
				ALWAYS_EMBED_SWIFT_STANDARD_LIBRARIES = YES;
				BUNDLE_LOADER = "$(TEST_HOST)";
				CODE_SIGN_STYLE = Automatic;
				INFOPLIST_FILE = LearnSwiftTests/Info.plist;
				IPHONEOS_DEPLOYMENT_TARGET = 14.0;
				LD_RUNPATH_SEARCH_PATHS = (
					"$(inherited)",
					"@executable_path/Frameworks",
					"@loader_path/Frameworks",
				);
				PRODUCT_BUNDLE_IDENTIFIER = com.demo.LearnSwiftTests;
				PRODUCT_NAME = "$(TARGET_NAME)";
				SWIFT_VERSION = 5.0;
				TARGETED_DEVICE_FAMILY = "1,2";
				TEST_HOST = "$(BUILT_PRODUCTS_DIR)/LearnSwift.app/LearnSwift";
			};
			name = Debug;
		};
		26EB4C0425011E0100A05A9A /* Release */ = {
			isa = XCBuildConfiguration;
			buildSettings = {
				ALWAYS_EMBED_SWIFT_STANDARD_LIBRARIES = YES;
				BUNDLE_LOADER = "$(TEST_HOST)";
				CODE_SIGN_STYLE = Automatic;
				INFOPLIST_FILE = LearnSwiftTests/Info.plist;
				IPHONEOS_DEPLOYMENT_TARGET = 14.0;
				LD_RUNPATH_SEARCH_PATHS = (
					"$(inherited)",
					"@executable_path/Frameworks",
					"@loader_path/Frameworks",
				);
				PRODUCT_BUNDLE_IDENTIFIER = com.demo.LearnSwiftTests;
				PRODUCT_NAME = "$(TARGET_NAME)";
				SWIFT_VERSION = 5.0;
				TARGETED_DEVICE_FAMILY = "1,2";
				TEST_HOST = "$(BUILT_PRODUCTS_DIR)/LearnSwift.app/LearnSwift";
			};
			name = Release;
		};
		26EB4C0625011E0100A05A9A /* Debug */ = {
			isa = XCBuildConfiguration;
			buildSettings = {
				ALWAYS_EMBED_SWIFT_STANDARD_LIBRARIES = YES;
				CODE_SIGN_STYLE = Automatic;
				INFOPLIST_FILE = LearnSwiftUITests/Info.plist;
				LD_RUNPATH_SEARCH_PATHS = (
					"$(inherited)",
					"@executable_path/Frameworks",
					"@loader_path/Frameworks",
				);
				PRODUCT_BUNDLE_IDENTIFIER = com.demo.LearnSwiftUITests;
				PRODUCT_NAME = "$(TARGET_NAME)";
				SWIFT_VERSION = 5.0;
				TARGETED_DEVICE_FAMILY = "1,2";
				TEST_TARGET_NAME = LearnSwift;
			};
			name = Debug;
		};
		26EB4C0725011E0100A05A9A /* Release */ = {
			isa = XCBuildConfiguration;
			buildSettings = {
				ALWAYS_EMBED_SWIFT_STANDARD_LIBRARIES = YES;
				CODE_SIGN_STYLE = Automatic;
				INFOPLIST_FILE = LearnSwiftUITests/Info.plist;
				LD_RUNPATH_SEARCH_PATHS = (
					"$(inherited)",
					"@executable_path/Frameworks",
					"@loader_path/Frameworks",
				);
				PRODUCT_BUNDLE_IDENTIFIER = com.demo.LearnSwiftUITests;
				PRODUCT_NAME = "$(TARGET_NAME)";
				SWIFT_VERSION = 5.0;
				TARGETED_DEVICE_FAMILY = "1,2";
				TEST_TARGET_NAME = LearnSwift;
			};
			name = Release;
		};
/* End XCBuildConfiguration section */

/* Begin XCConfigurationList section */
		26EB4BD025011DFC00A05A9A /* Build configuration list for PBXProject "LearnSwift" */ = {
			isa = XCConfigurationList;
			buildConfigurations = (
				26EB4BFD25011E0100A05A9A /* Debug */,
				26EB4BFE25011E0100A05A9A /* Release */,
			);
			defaultConfigurationIsVisible = 0;
			defaultConfigurationName = Release;
		};
		26EB4BFF25011E0100A05A9A /* Build configuration list for PBXNativeTarget "LearnSwift" */ = {
			isa = XCConfigurationList;
			buildConfigurations = (
				26EB4C0025011E0100A05A9A /* Debug */,
				26EB4C0125011E0100A05A9A /* Release */,
			);
			defaultConfigurationIsVisible = 0;
			defaultConfigurationName = Release;
		};
		26EB4C0225011E0100A05A9A /* Build configuration list for PBXNativeTarget "LearnSwiftTests" */ = {
			isa = XCConfigurationList;
			buildConfigurations = (
				26EB4C0325011E0100A05A9A /* Debug */,
				26EB4C0425011E0100A05A9A /* Release */,
			);
			defaultConfigurationIsVisible = 0;
			defaultConfigurationName = Release;
		};
		26EB4C0525011E0100A05A9A /* Build configuration list for PBXNativeTarget "LearnSwiftUITests" */ = {
			isa = XCConfigurationList;
			buildConfigurations = (
				26EB4C0625011E0100A05A9A /* Debug */,
				26EB4C0725011E0100A05A9A /* Release */,
			);
			defaultConfigurationIsVisible = 0;
			defaultConfigurationName = Release;
		};
/* End XCConfigurationList section */
	};
	rootObject = 26EB4BCD25011DFC00A05A9A /* Project object */;
}
